# This file was autogenerated by Stack.
# You should not edit this file by hand.
# For more information, please see the documentation at:
#   https://docs.haskellstack.org/en/stable/lock_files

packages:
- completed:
    cabal-file:
      size: 2647
      sha256: 36592807b4d3ea7dbb8d9dbae6afcb496b31587f1ed67ed1bf44f49667669f81
    name: polynomial
    version: 0.7.3
    git: https://github.com/eschnett/polynomial.git
    pantry-tree:
      size: 2821
      sha256: fef871fca9a5c357b3a61ec65eb7b5b51e9728f4855d1edd3c664cee38194cf9
    commit: e89fd037ad12a54db0bb62e42104d24fabcfe777
  original:
    git: https://github.com/eschnett/polynomial.git
    commit: e89fd037ad12a54db0bb62e42104d24fabcfe777
snapshots:
- completed:
    size: 499889
    url: https://raw.githubusercontent.com/commercialhaskell/stackage-snapshots/master/lts/13/26.yaml
    sha256: ecb02ee16829df8d7219e7d7fe6c310819820bf335b0b9534bce84d3ea896684
  original: lts-13.26
